
Microsoft Visual Studio Solution File, Format Version 12.00
# Visual Studio Version 17
VisualStudioVersion = 17.14.36310.24 d17.14
MinimumVisualStudioVersion = 10.0.40219.1
Project("{FAE04EC0-301F-11D3-BF4B-00C04F79EFBC}") = "Project 3", "Project 3.csproj", "{80DDD026-1CE4-4D49-A5BA-BDAEE8CEB491}"
EndProject
Global
	GlobalSection(SolutionConfigurationPlatforms) = preSolution
		Debug|Any CPU = Debug|Any CPU
		Release|Any CPU = Release|Any CPU
	EndGlobalSection
	GlobalSection(ProjectConfigurationPlatforms) = postSolution
		{80DDD026-1CE4-4D49-A5BA-BDAEE8CEB491}.Debug|Any CPU.ActiveCfg = Debug|Any CPU
		{80DDD026-1CE4-4D49-A5BA-BDAEE8CEB491}.Debug|Any CPU.Build.0 = Debug|Any CPU
		{80DDD026-1CE4-4D49-A5BA-BDAEE8CEB491}.Release|Any CPU.ActiveCfg = Release|Any CPU
		{80DDD026-1CE4-4D49-A5BA-BDAEE8CEB491}.Release|Any CPU.Build.0 = Release|Any CPU
	EndGlobalSection
	GlobalSection(SolutionProperties) = preSolution
		HideSolutionNode = FALSE
	EndGlobalSection
	GlobalSection(ExtensibilityGlobals) = postSolution
		SolutionGuid = {C2B23EAB-680F-4266-8D51-858279EA65F4}
	EndGlobalSection
EndGlobal
